
Microsoft Visual Studio Solution File, Format Version 12.00
# Visual Studio Version 17
VisualStudioVersion = 17.0.31903.59
MinimumVisualStudioVersion = 10.0.40219.1
Project("{FAE04EC0-301F-11D3-BF4B-00C04F79EFBC}") = "api", "api\api.csproj", "{B96679ED-62FC-44B9-ACBE-456176FBB551}"
EndProject
Project("{FAE04EC0-301F-11D3-BF4B-00C04F79EFBC}") = "api.tests", "api.tests\api.tests.csproj", "{7B361198-5B3A-4B2F-A8DF-CF749D554C81}"
EndProject
Global
	GlobalSection(SolutionConfigurationPlatforms) = preSolution
		Debug|Any CPU = Debug|Any CPU
		Release|Any CPU = Release|Any CPU
	EndGlobalSection
	GlobalSection(SolutionProperties) = preSolution
		HideSolutionNode = FALSE
	EndGlobalSection
	GlobalSection(ProjectConfigurationPlatforms) = postSolution
		{B96679ED-62FC-44B9-ACBE-456176FBB551}.Debug|Any CPU.ActiveCfg = Debug|Any CPU
		{B96679ED-62FC-44B9-ACBE-456176FBB551}.Debug|Any CPU.Build.0 = Debug|Any CPU
		{B96679ED-62FC-44B9-ACBE-456176FBB551}.Release|Any CPU.ActiveCfg = Release|Any CPU
		{B96679ED-62FC-44B9-ACBE-456176FBB551}.Release|Any CPU.Build.0 = Release|Any CPU
		{7B361198-5B3A-4B2F-A8DF-CF749D554C81}.Debug|Any CPU.ActiveCfg = Debug|Any CPU
		{7B361198-5B3A-4B2F-A8DF-CF749D554C81}.Debug|Any CPU.Build.0 = Debug|Any CPU
		{7B361198-5B3A-4B2F-A8DF-CF749D554C81}.Release|Any CPU.ActiveCfg = Release|Any CPU
		{7B361198-5B3A-4B2F-A8DF-CF749D554C81}.Release|Any CPU.Build.0 = Release|Any CPU
	EndGlobalSection
EndGlobal
